{
  "originHash" : "2a3c91bcee749a6921a18fb5790b4679f585edf3c174a0513e632588493b256d",
  "pins" : [
    {
      "identity" : "cwlcatchexception",
      "kind" : "remoteSourceControl",
      "location" : "https://github.com/mattgallagher/CwlCatchException.git",
      "state" : {
        "revision" : "07b2ba21d361c223e25e3c1e924288742923f08c",
        "version" : "2.2.1"
      }
    },
    {
      "identity" : "cwlpreconditiontesting",
      "kind" : "remoteSourceControl",
      "location" : "https://github.com/mattgallagher/CwlPreconditionTesting.git",
      "state" : {
        "revision" : "0139c665ebb45e6a9fbdb68aabfd7c39f3fe0071",
        "version" : "2.2.2"
      }
    },
    {
      "identity" : "nimble",
      "kind" : "remoteSourceControl",
      "location" : "https://github.com/Quick/Nimble.git",
      "state" : {
        "revision" : "1f3bde57bde12f5e7b07909848c071e9b73d6edc",
        "version" : "10.0.0"
      }
    }
  ],
  "version" : 3
}
